
Microsoft Visual Studio Solution File, Format Version 12.00
# Visual Studio Version 17
VisualStudioVersion = 17.7.34024.191
MinimumVisualStudioVersion = 10.0.40219.1
Project("{FAE04EC0-301F-11D3-BF4B-00C04F79EFBC}") = "BTL_ClothesStore", "BTL_ClothesStore\BTL_ClothesStore.csproj", "{1AA53E2D-2CAC-4810-9839-42E575E114AD}"
EndProject
Global
	GlobalSection(SolutionConfigurationPlatforms) = preSolution
		Debug|Any CPU = Debug|Any CPU
		Release|Any CPU = Release|Any CPU
	EndGlobalSection
	GlobalSection(ProjectConfigurationPlatforms) = postSolution
		{1AA53E2D-2CAC-4810-9839-42E575E114AD}.Debug|Any CPU.ActiveCfg = Debug|Any CPU
		{1AA53E2D-2CAC-4810-9839-42E575E114AD}.Debug|Any CPU.Build.0 = Debug|Any CPU
		{1AA53E2D-2CAC-4810-9839-42E575E114AD}.Release|Any CPU.ActiveCfg = Release|Any CPU
		{1AA53E2D-2CAC-4810-9839-42E575E114AD}.Release|Any CPU.Build.0 = Release|Any CPU
	EndGlobalSection
	GlobalSection(SolutionProperties) = preSolution
		HideSolutionNode = FALSE
	EndGlobalSection
	GlobalSection(ExtensibilityGlobals) = postSolution
		SolutionGuid = {8F007D1B-789F-4B60-8A8C-62DAEC0C9086}
	EndGlobalSection
EndGlobal
